// !$*UTF8*$!
{
	archiveVersion = 1;
	classes = {
	};
	objectVersion = 55;
	objects = {

/* Begin PBXBuildFile section */
		6955DEAD288FDE490023F248 /* main.cpp in Sources */ = {isa = PBXBuildFile; fileRef = 6955DEAC288FDE490023F248 /* main.cpp */; };
		6955DEB8288FDEF60023F248 /* shader.c in Sources */ = {isa = PBXBuildFile; fileRef = 6955DEB5288FDEF60023F248 /* shader.c */; };
		6955DEB9288FDEF60023F248 /* glad.c in Sources */ = {isa = PBXBuildFile; fileRef = 6955DEB6288FDEF60023F248 /* glad.c */; };
		6955DEBC288FE1450023F248 /* OpenGL.framework in Frameworks */ = {isa = PBXBuildFile; fileRef = 6955DEBB288FE1450023F248 /* OpenGL.framework */; };
		6955DEBE288FE1720023F248 /* GLUT.framework in Frameworks */ = {isa = PBXBuildFile; fileRef = 6955DEBD288FE1720023F248 /* GLUT.framework */; };
		6955DEC0288FE3580023F248 /* libglfw.3.3.dylib in Frameworks */ = {isa = PBXBuildFile; fileRef = 6955DEBF288FE3580023F248 /* libglfw.3.3.dylib */; };
		6955DEC2288FE3850023F248 /* libGLEW.2.2.0.dylib in Frameworks */ = {isa = PBXBuildFile; fileRef = 6955DEC1288FE3850023F248 /* libGLEW.2.2.0.dylib */; };
		6955DEC5288FE81F0023F248 /* frameworks.cpp in Sources */ = {isa = PBXBuildFile; fileRef = 6955DEC3288FE81F0023F248 /* frameworks.cpp */; };
/* End PBXBuildFile section */

/* Begin PBXCopyFilesBuildPhase section */
		6955DEA7288FDE490023F248 /* CopyFiles */ = {
			isa = PBXCopyFilesBuildPhase;
			buildActionMask = 2147483647;
			dstPath = /usr/share/man/man1/;
			dstSubfolderSpec = 0;
			files = (
			);
			runOnlyForDeploymentPostprocessing = 1;
		};
/* End PBXCopyFilesBuildPhase section */

/* Begin PBXFileReference section */
		6955DEA9288FDE490023F248 /* Ray_Tracing_CPU */ = {isa = PBXFileReference; explicitFileType = "compiled.mach-o.executable"; includeInIndex = 0; path = Ray_Tracing_CPU; sourceTree = BUILT_PRODUCTS_DIR; };
		6955DEAC288FDE490023F248 /* main.cpp */ = {isa = PBXFileReference; lastKnownFileType = sourcecode.cpp.cpp; path = main.cpp; sourceTree = "<group>"; };
		6955DEB3288FDEF60023F248 /* fragment_shader.frag */ = {isa = PBXFileReference; fileEncoding = 4; lastKnownFileType = sourcecode.glsl; path = fragment_shader.frag; sourceTree = "<group>"; };
		6955DEB4288FDEF60023F248 /* vertex_shader.vert */ = {isa = PBXFileReference; fileEncoding = 4; lastKnownFileType = sourcecode.glsl; path = vertex_shader.vert; sourceTree = "<group>"; };
		6955DEB5288FDEF60023F248 /* shader.c */ = {isa = PBXFileReference; fileEncoding = 4; lastKnownFileType = sourcecode.c.c; path = shader.c; sourceTree = "<group>"; };
		6955DEB6288FDEF60023F248 /* glad.c */ = {isa = PBXFileReference; fileEncoding = 4; lastKnownFileType = sourcecode.c.c; path = glad.c; sourceTree = "<group>"; };
		6955DEB7288FDEF60023F248 /* shader.h */ = {isa = PBXFileReference; fileEncoding = 4; lastKnownFileType = sourcecode.c.h; path = shader.h; sourceTree = "<group>"; };
		6955DEBB288FE1450023F248 /* OpenGL.framework */ = {isa = PBXFileReference; lastKnownFileType = wrapper.framework; name = OpenGL.framework; path = System/Library/Frameworks/OpenGL.framework; sourceTree = SDKROOT; };
		6955DEBD288FE1720023F248 /* GLUT.framework */ = {isa = PBXFileReference; lastKnownFileType = wrapper.framework; name = GLUT.framework; path = System/Library/Frameworks/GLUT.framework; sourceTree = SDKROOT; };
		6955DEBF288FE3580023F248 /* libglfw.3.3.dylib */ = {isa = PBXFileReference; lastKnownFileType = "compiled.mach-o.dylib"; name = libglfw.3.3.dylib; path = ../../../../../usr/local/Cellar/glfw/3.3.7/lib/libglfw.3.3.dylib; sourceTree = "<group>"; };
		6955DEC1288FE3850023F248 /* libGLEW.2.2.0.dylib */ = {isa = PBXFileReference; lastKnownFileType = "compiled.mach-o.dylib"; name = libGLEW.2.2.0.dylib; path = ../../../../../usr/local/Cellar/glew/2.2.0_1/lib/libGLEW.2.2.0.dylib; sourceTree = "<group>"; };
		6955DEC3288FE81F0023F248 /* frameworks.cpp */ = {isa = PBXFileReference; lastKnownFileType = sourcecode.cpp.cpp; path = frameworks.cpp; sourceTree = "<group>"; };
		6955DEC4288FE81F0023F248 /* frameworks.hpp */ = {isa = PBXFileReference; lastKnownFileType = sourcecode.cpp.h; path = frameworks.hpp; sourceTree = "<group>"; };
		69DCB1602897C8F900C10CAA /* material_aux.h */ = {isa = PBXFileReference; lastKnownFileType = sourcecode.c.h; path = material_aux.h; sourceTree = "<group>"; };
/* End PBXFileReference section */

/* Begin PBXFrameworksBuildPhase section */
		6955DEA6288FDE490023F248 /* Frameworks */ = {
			isa = PBXFrameworksBuildPhase;
			buildActionMask = 2147483647;
			files = (
				6955DEC0288FE3580023F248 /* libglfw.3.3.dylib in Frameworks */,
				6955DEC2288FE3850023F248 /* libGLEW.2.2.0.dylib in Frameworks */,
				6955DEBC288FE1450023F248 /* OpenGL.framework in Frameworks */,
				6955DEBE288FE1720023F248 /* GLUT.framework in Frameworks */,
			);
			runOnlyForDeploymentPostprocessing = 0;
		};
/* End PBXFrameworksBuildPhase section */

/* Begin PBXGroup section */
		6955DEA0288FDE490023F248 = {
			isa = PBXGroup;
			children = (
				6955DEAB288FDE490023F248 /* Ray_Tracing_CPU */,
				6955DEAA288FDE490023F248 /* Products */,
				6955DEBA288FE1440023F248 /* Frameworks */,
			);
			sourceTree = "<group>";
		};
		6955DEAA288FDE490023F248 /* Products */ = {
			isa = PBXGroup;
			children = (
				6955DEA9288FDE490023F248 /* Ray_Tracing_CPU */,
			);
			name = Products;
			sourceTree = "<group>";
		};
		6955DEAB288FDE490023F248 /* Ray_Tracing_CPU */ = {
			isa = PBXGroup;
			children = (
				6955DEAC288FDE490023F248 /* main.cpp */,
				6955DEB6288FDEF60023F248 /* glad.c */,
				6955DEB7288FDEF60023F248 /* shader.h */,
				6955DEB5288FDEF60023F248 /* shader.c */,
				6955DEB4288FDEF60023F248 /* vertex_shader.vert */,
				6955DEB3288FDEF60023F248 /* fragment_shader.frag */,
				6955DEC3288FE81F0023F248 /* frameworks.cpp */,
				6955DEC4288FE81F0023F248 /* frameworks.hpp */,
				69DCB1602897C8F900C10CAA /* material_aux.h */,
			);
			path = Ray_Tracing_CPU;
			sourceTree = "<group>";
		};
		6955DEBA288FE1440023F248 /* Frameworks */ = {
			isa = PBXGroup;
			children = (
				6955DEC1288FE3850023F248 /* libGLEW.2.2.0.dylib */,
				6955DEBF288FE3580023F248 /* libglfw.3.3.dylib */,
				6955DEBD288FE1720023F248 /* GLUT.framework */,
				6955DEBB288FE1450023F248 /* OpenGL.framework */,
			);
			name = Frameworks;
			sourceTree = "<group>";
		};
/* End PBXGroup section */

/* Begin PBXNativeTarget section */
		6955DEA8288FDE490023F248 /* Ray_Tracing_CPU */ = {
			isa = PBXNativeTarget;
			buildConfigurationList = 6955DEB0288FDE490023F248 /* Build configuration list for PBXNativeTarget "Ray_Tracing_CPU" */;
			buildPhases = (
				6955DEA5288FDE490023F248 /* Sources */,
				6955DEA6288FDE490023F248 /* Frameworks */,
				6955DEA7288FDE490023F248 /* CopyFiles */,
			);
			buildRules = (
			);
			dependencies = (
			);
			name = Ray_Tracing_CPU;
			productName = Ray_Tracing_CPU;
			productReference = 6955DEA9288FDE490023F248 /* Ray_Tracing_CPU */;
			productType = "com.apple.product-type.tool";
		};
/* End PBXNativeTarget section */

/* Begin PBXProject section */
		6955DEA1288FDE490023F248 /* Project object */ = {
			isa = PBXProject;
			attributes = {
				BuildIndependentTargetsInParallel = 1;
				LastUpgradeCheck = 1340;
				TargetAttributes = {
					6955DEA8288FDE490023F248 = {
						CreatedOnToolsVersion = 13.4.1;
					};
				};
			};
			buildConfigurationList = 6955DEA4288FDE490023F248 /* Build configuration list for PBXProject "Ray_Tracing_CPU" */;
			compatibilityVersion = "Xcode 13.0";
			developmentRegion = en;
			hasScannedForEncodings = 0;
			knownRegions = (
				en,
				Base,
			);
			mainGroup = 6955DEA0288FDE490023F248;
			productRefGroup = 6955DEAA288FDE490023F248 /* Products */;
			projectDirPath = "";
			projectRoot = "";
			targets = (
				6955DEA8288FDE490023F248 /* Ray_Tracing_CPU */,
			);
		};
/* End PBXProject section */

/* Begin PBXSourcesBuildPhase section */
		6955DEA5288FDE490023F248 /* Sources */ = {
			isa = PBXSourcesBuildPhase;
			buildActionMask = 2147483647;
			files = (
				6955DEC5288FE81F0023F248 /* frameworks.cpp in Sources */,
				6955DEB8288FDEF60023F248 /* shader.c in Sources */,
				6955DEAD288FDE490023F248 /* main.cpp in Sources */,
				6955DEB9288FDEF60023F248 /* glad.c in Sources */,
			);
			runOnlyForDeploymentPostprocessing = 0;
		};
/* End PBXSourcesBuildPhase section */

/* Begin XCBuildConfiguration section */
		6955DEAE288FDE490023F248 /* Debug */ = {
			isa = XCBuildConfiguration;
			buildSettings = {
				ALWAYS_SEARCH_USER_PATHS = NO;
				CLANG_ANALYZER_NONNULL = YES;
				CLANG_ANALYZER_NUMBER_OBJECT_CONVERSION = YES_AGGRESSIVE;
				CLANG_CXX_LANGUAGE_STANDARD = "gnu++17";
				CLANG_ENABLE_MODULES = YES;
				CLANG_ENABLE_OBJC_ARC = YES;
				CLANG_ENABLE_OBJC_WEAK = YES;
				CLANG_WARN_BLOCK_CAPTURE_AUTORELEASING = YES;
				CLANG_WARN_BOOL_CONVERSION = YES;
				CLANG_WARN_COMMA = YES;
				CLANG_WARN_CONSTANT_CONVERSION = YES;
				CLANG_WARN_DEPRECATED_OBJC_IMPLEMENTATIONS = YES;
				CLANG_WARN_DIRECT_OBJC_ISA_USAGE = YES_ERROR;
				CLANG_WARN_DOCUMENTATION_COMMENTS = YES;
				CLANG_WARN_EMPTY_BODY = YES;
				CLANG_WARN_ENUM_CONVERSION = YES;
				CLANG_WARN_INFINITE_RECURSION = YES;
				CLANG_WARN_INT_CONVERSION = YES;
				CLANG_WARN_NON_LITERAL_NULL_CONVERSION = YES;
				CLANG_WARN_OBJC_IMPLICIT_RETAIN_SELF = YES;
				CLANG_WARN_OBJC_LITERAL_CONVERSION = YES;
				CLANG_WARN_OBJC_ROOT_CLASS = YES_ERROR;
				CLANG_WARN_QUOTED_INCLUDE_IN_FRAMEWORK_HEADER = YES;
				CLANG_WARN_RANGE_LOOP_ANALYSIS = YES;
				CLANG_WARN_STRICT_PROTOTYPES = YES;
				CLANG_WARN_SUSPICIOUS_MOVE = YES;
				CLANG_WARN_UNGUARDED_AVAILABILITY = YES_AGGRESSIVE;
				CLANG_WARN_UNREACHABLE_CODE = YES;
				CLANG_WARN__DUPLICATE_METHOD_MATCH = YES;
				COPY_PHASE_STRIP = NO;
				DEBUG_INFORMATION_FORMAT = dwarf;
				ENABLE_STRICT_OBJC_MSGSEND = YES;
				ENABLE_TESTABILITY = YES;
				GCC_C_LANGUAGE_STANDARD = gnu11;
				GCC_DYNAMIC_NO_PIC = NO;
				GCC_NO_COMMON_BLOCKS = YES;
				GCC_OPTIMIZATION_LEVEL = 0;
				GCC_PREPROCESSOR_DEFINITIONS = (
					"DEBUG=1",
					"$(inherited)",
				);
				GCC_WARN_64_TO_32_BIT_CONVERSION = YES;
				GCC_WARN_ABOUT_RETURN_TYPE = YES_ERROR;
				GCC_WARN_UNDECLARED_SELECTOR = YES;
				GCC_WARN_UNINITIALIZED_AUTOS = YES_AGGRESSIVE;
				GCC_WARN_UNUSED_FUNCTION = YES;
				GCC_WARN_UNUSED_VARIABLE = YES;
				MACOSX_DEPLOYMENT_TARGET = 12.3;
				MTL_ENABLE_DEBUG_INFO = INCLUDE_SOURCE;
				MTL_FAST_MATH = YES;
				ONLY_ACTIVE_ARCH = YES;
				SDKROOT = macosx;
			};
			name = Debug;
		};
		6955DEAF288FDE490023F248 /* Release */ = {
			isa = XCBuildConfiguration;
			buildSettings = {
				ALWAYS_SEARCH_USER_PATHS = NO;
				CLANG_ANALYZER_NONNULL = YES;
				CLANG_ANALYZER_NUMBER_OBJECT_CONVERSION = YES_AGGRESSIVE;
				CLANG_CXX_LANGUAGE_STANDARD = "gnu++17";
				CLANG_ENABLE_MODULES = YES;
				CLANG_ENABLE_OBJC_ARC = YES;
				CLANG_ENABLE_OBJC_WEAK = YES;
				CLANG_WARN_BLOCK_CAPTURE_AUTORELEASING = YES;
				CLANG_WARN_BOOL_CONVERSION = YES;
				CLANG_WARN_COMMA = YES;
				CLANG_WARN_CONSTANT_CONVERSION = YES;
				CLANG_WARN_DEPRECATED_OBJC_IMPLEMENTATIONS = YES;
				CLANG_WARN_DIRECT_OBJC_ISA_USAGE = YES_ERROR;
				CLANG_WARN_DOCUMENTATION_COMMENTS = YES;
				CLANG_WARN_EMPTY_BODY = YES;
				CLANG_WARN_ENUM_CONVERSION = YES;
				CLANG_WARN_INFINITE_RECURSION = YES;
				CLANG_WARN_INT_CONVERSION = YES;
				CLANG_WARN_NON_LITERAL_NULL_CONVERSION = YES;
				CLANG_WARN_OBJC_IMPLICIT_RETAIN_SELF = YES;
				CLANG_WARN_OBJC_LITERAL_CONVERSION = YES;
				CLANG_WARN_OBJC_ROOT_CLASS = YES_ERROR;
				CLANG_WARN_QUOTED_INCLUDE_IN_FRAMEWORK_HEADER = YES;
				CLANG_WARN_RANGE_LOOP_ANALYSIS = YES;
				CLANG_WARN_STRICT_PROTOTYPES = YES;
				CLANG_WARN_SUSPICIOUS_MOVE = YES;
				CLANG_WARN_UNGUARDED_AVAILABILITY = YES_AGGRESSIVE;
				CLANG_WARN_UNREACHABLE_CODE = YES;
				CLANG_WARN__DUPLICATE_METHOD_MATCH = YES;
				COPY_PHASE_STRIP = NO;
				DEBUG_INFORMATION_FORMAT = "dwarf-with-dsym";
				ENABLE_NS_ASSERTIONS = NO;
				ENABLE_STRICT_OBJC_MSGSEND = YES;
				GCC_C_LANGUAGE_STANDARD = gnu11;
				GCC_NO_COMMON_BLOCKS = YES;
				GCC_WARN_64_TO_32_BIT_CONVERSION = YES;
				GCC_WARN_ABOUT_RETURN_TYPE = YES_ERROR;
				GCC_WARN_UNDECLARED_SELECTOR = YES;
				GCC_WARN_UNINITIALIZED_AUTOS = YES_AGGRESSIVE;
				GCC_WARN_UNUSED_FUNCTION = YES;
				GCC_WARN_UNUSED_VARIABLE = YES;
				MACOSX_DEPLOYMENT_TARGET = 12.3;
				MTL_ENABLE_DEBUG_INFO = NO;
				MTL_FAST_MATH = YES;
				SDKROOT = macosx;
			};
			name = Release;
		};
		6955DEB1288FDE490023F248 /* Debug */ = {
			isa = XCBuildConfiguration;
			buildSettings = {
				ALWAYS_SEARCH_USER_PATHS = YES;
				CODE_SIGN_STYLE = Automatic;
				"HEADER_SEARCH_PATHS[arch=*]" = (
					"$(glew_header)",
					"$(glfw_header)",
				);
				LIBRARY_SEARCH_PATHS = (
					/usr/local/Cellar/glfw/3.3.7/lib,
					/usr/local/Cellar/glew/2.2.0_1/lib,
				);
				"LIBRARY_SEARCH_PATHS[arch=*]" = (
					"$(glew_lib)",
					"$(glfw_lib)",
				);
				PRODUCT_NAME = "$(TARGET_NAME)";
				USER_HEADER_SEARCH_PATHS = glad/include;
				"USER_HEADER_SEARCH_PATHS[arch=*]" = (
					glad/include,
					glm,
				);
			};
			name = Debug;
		};
		6955DEB2288FDE490023F248 /* Release */ = {
			isa = XCBuildConfiguration;
			buildSettings = {
				ALWAYS_SEARCH_USER_PATHS = YES;
				CODE_SIGN_STYLE = Automatic;
				"HEADER_SEARCH_PATHS[arch=*]" = (
					"$(glew_header)",
					"$(glfw_header)",
				);
				LIBRARY_SEARCH_PATHS = (
					"$(inherited)",
					/usr/local/Cellar/glfw/3.3.7/lib,
					/usr/local/Cellar/glew/2.2.0_1/lib,
				);
				"LIBRARY_SEARCH_PATHS[arch=*]" = (
					"$(glew_lib)",
					"$(glfw_lib)",
				);
				PRODUCT_NAME = "$(TARGET_NAME)";
				USER_HEADER_SEARCH_PATHS = (
					glad/include,
					glm,
				);
			};
			name = Release;
		};
/* End XCBuildConfiguration section */

/* Begin XCConfigurationList section */
		6955DEA4288FDE490023F248 /* Build configuration list for PBXProject "Ray_Tracing_CPU" */ = {
			isa = XCConfigurationList;
			buildConfigurations = (
				6955DEAE288FDE490023F248 /* Debug */,
				6955DEAF288FDE490023F248 /* Release */,
			);
			defaultConfigurationIsVisible = 0;
			defaultConfigurationName = Release;
		};
		6955DEB0288FDE490023F248 /* Build configuration list for PBXNativeTarget "Ray_Tracing_CPU" */ = {
			isa = XCConfigurationList;
			buildConfigurations = (
				6955DEB1288FDE490023F248 /* Debug */,
				6955DEB2288FDE490023F248 /* Release */,
			);
			defaultConfigurationIsVisible = 0;
			defaultConfigurationName = Release;
		};
/* End XCConfigurationList section */
	};
	rootObject = 6955DEA1288FDE490023F248 /* Project object */;
}
